
Microsoft Visual Studio Solution File, Format Version 12.00
# Visual Studio Version 16
VisualStudioVersion = 16.0.30804.86
MinimumVisualStudioVersion = 10.0.40219.1
Project("{FAE04EC0-301F-11D3-BF4B-00C04F79EFBC}") = "ifelse", "ifelse\ifelse.csproj", "{C4904B37-0523-497E-8746-4BE0B171583E}"
EndProject
Global
	GlobalSection(SolutionConfigurationPlatforms) = preSolution
		Debug|Any CPU = Debug|Any CPU
		Release|Any CPU = Release|Any CPU
	EndGlobalSection
	GlobalSection(ProjectConfigurationPlatforms) = postSolution
		{C4904B37-0523-497E-8746-4BE0B171583E}.Debug|Any CPU.ActiveCfg = Debug|Any CPU
		{C4904B37-0523-497E-8746-4BE0B171583E}.Debug|Any CPU.Build.0 = Debug|Any CPU
		{C4904B37-0523-497E-8746-4BE0B171583E}.Release|Any CPU.ActiveCfg = Release|Any CPU
		{C4904B37-0523-497E-8746-4BE0B171583E}.Release|Any CPU.Build.0 = Release|Any CPU
	EndGlobalSection
	GlobalSection(SolutionProperties) = preSolution
		HideSolutionNode = FALSE
	EndGlobalSection
	GlobalSection(ExtensibilityGlobals) = postSolution
		SolutionGuid = {12A55450-66A3-4B10-87A7-BD5E1F1A41BD}
	EndGlobalSection
EndGlobal
